
Microsoft Visual Studio Solution File, Format Version 12.00
# Visual Studio Version 17
VisualStudioVersion = 17.2.32616.157
MinimumVisualStudioVersion = 10.0.40219.1
Project("{FAE04EC0-301F-11D3-BF4B-00C04F79EFBC}") = "Multiple Tools for Firefox", "Multiple Tools for Firefox\Multiple Tools for Firefox.csproj", "{6EB728E7-AF42-40DE-8C38-CDB306C7D1E5}"
EndProject
Global
	GlobalSection(SolutionConfigurationPlatforms) = preSolution
		Debug|Any CPU = Debug|Any CPU
		Release|Any CPU = Release|Any CPU
	EndGlobalSection
	GlobalSection(ProjectConfigurationPlatforms) = postSolution
		{6EB728E7-AF42-40DE-8C38-CDB306C7D1E5}.Debug|Any CPU.ActiveCfg = Debug|Any CPU
		{6EB728E7-AF42-40DE-8C38-CDB306C7D1E5}.Debug|Any CPU.Build.0 = Debug|Any CPU
		{6EB728E7-AF42-40DE-8C38-CDB306C7D1E5}.Release|Any CPU.ActiveCfg = Release|Any CPU
		{6EB728E7-AF42-40DE-8C38-CDB306C7D1E5}.Release|Any CPU.Build.0 = Release|Any CPU
	EndGlobalSection
	GlobalSection(SolutionProperties) = preSolution
		HideSolutionNode = FALSE
	EndGlobalSection
	GlobalSection(ExtensibilityGlobals) = postSolution
		SolutionGuid = {5B2C1B81-3FD4-4756-B0F0-DA2984F1B86C}
	EndGlobalSection
EndGlobal
